
Microsoft Visual Studio Solution File, Format Version 12.00
# Visual Studio Version 16
VisualStudioVersion = 16.0.31624.102
MinimumVisualStudioVersion = 10.0.40219.1
Project("{FAE04EC0-301F-11D3-BF4B-00C04F79EFBC}") = "lab6ooplab5", "lab6ooplab5\lab6ooplab5.csproj", "{CAA30B1F-76E3-4FF9-BF46-B48B44135D14}"
EndProject
Global
	GlobalSection(SolutionConfigurationPlatforms) = preSolution
		Debug|Any CPU = Debug|Any CPU
		Release|Any CPU = Release|Any CPU
	EndGlobalSection
	GlobalSection(ProjectConfigurationPlatforms) = postSolution
		{CAA30B1F-76E3-4FF9-BF46-B48B44135D14}.Debug|Any CPU.ActiveCfg = Debug|Any CPU
		{CAA30B1F-76E3-4FF9-BF46-B48B44135D14}.Debug|Any CPU.Build.0 = Debug|Any CPU
		{CAA30B1F-76E3-4FF9-BF46-B48B44135D14}.Release|Any CPU.ActiveCfg = Release|Any CPU
		{CAA30B1F-76E3-4FF9-BF46-B48B44135D14}.Release|Any CPU.Build.0 = Release|Any CPU
	EndGlobalSection
	GlobalSection(SolutionProperties) = preSolution
		HideSolutionNode = FALSE
	EndGlobalSection
	GlobalSection(ExtensibilityGlobals) = postSolution
		SolutionGuid = {0B5F92D0-C475-4EF3-9B6F-FE23D7F68398}
	EndGlobalSection
EndGlobal
