
Microsoft Visual Studio Solution File, Format Version 12.00
# Visual Studio Version 16
VisualStudioVersion = 16.0.31624.102
MinimumVisualStudioVersion = 10.0.40219.1
Project("{FAE04EC0-301F-11D3-BF4B-00C04F79EFBC}") = "ooplab3", "ooplab3\ooplab3.csproj", "{76D60C42-FF1C-4426-87DB-B1DA031DC7B2}"
EndProject
Global
	GlobalSection(SolutionConfigurationPlatforms) = preSolution
		Debug|Any CPU = Debug|Any CPU
		Release|Any CPU = Release|Any CPU
	EndGlobalSection
	GlobalSection(ProjectConfigurationPlatforms) = postSolution
		{76D60C42-FF1C-4426-87DB-B1DA031DC7B2}.Debug|Any CPU.ActiveCfg = Debug|Any CPU
		{76D60C42-FF1C-4426-87DB-B1DA031DC7B2}.Debug|Any CPU.Build.0 = Debug|Any CPU
		{76D60C42-FF1C-4426-87DB-B1DA031DC7B2}.Release|Any CPU.ActiveCfg = Release|Any CPU
		{76D60C42-FF1C-4426-87DB-B1DA031DC7B2}.Release|Any CPU.Build.0 = Release|Any CPU
	EndGlobalSection
	GlobalSection(SolutionProperties) = preSolution
		HideSolutionNode = FALSE
	EndGlobalSection
	GlobalSection(ExtensibilityGlobals) = postSolution
		SolutionGuid = {EE292E8C-EA41-4E5C-8815-5DAAD279B9F7}
	EndGlobalSection
EndGlobal
