
Microsoft Visual Studio Solution File, Format Version 12.00
# Visual Studio Version 16
VisualStudioVersion = 16.0.31624.102
MinimumVisualStudioVersion = 10.0.40219.1
Project("{FAE04EC0-301F-11D3-BF4B-00C04F79EFBC}") = "ooplab1", "ooplab1\ooplab1.csproj", "{FCD908E6-66E9-4DAC-BA19-4EB17E510FDC}"
EndProject
Global
	GlobalSection(SolutionConfigurationPlatforms) = preSolution
		Debug|Any CPU = Debug|Any CPU
		Release|Any CPU = Release|Any CPU
	EndGlobalSection
	GlobalSection(ProjectConfigurationPlatforms) = postSolution
		{FCD908E6-66E9-4DAC-BA19-4EB17E510FDC}.Debug|Any CPU.ActiveCfg = Debug|Any CPU
		{FCD908E6-66E9-4DAC-BA19-4EB17E510FDC}.Debug|Any CPU.Build.0 = Debug|Any CPU
		{FCD908E6-66E9-4DAC-BA19-4EB17E510FDC}.Release|Any CPU.ActiveCfg = Release|Any CPU
		{FCD908E6-66E9-4DAC-BA19-4EB17E510FDC}.Release|Any CPU.Build.0 = Release|Any CPU
	EndGlobalSection
	GlobalSection(SolutionProperties) = preSolution
		HideSolutionNode = FALSE
	EndGlobalSection
	GlobalSection(ExtensibilityGlobals) = postSolution
		SolutionGuid = {8385E697-410A-44A3-981A-39264C8060E6}
	EndGlobalSection
EndGlobal
